
Microsoft Visual Studio Solution File, Format Version 12.00
# Visual Studio Version 16
VisualStudioVersion = 16.0.29806.167
MinimumVisualStudioVersion = 10.0.40219.1
Project("{FAE04EC0-301F-11D3-BF4B-00C04F79EFBC}") = "F4ST.Queue", "F4ST.Queue\F4ST.Queue.csproj", "{6A8CEA7E-F471-4FF1-960D-FEF08880BF2A}"
EndProject
Global
	GlobalSection(SolutionConfigurationPlatforms) = preSolution
		Debug|Any CPU = Debug|Any CPU
		Release|Any CPU = Release|Any CPU
	EndGlobalSection
	GlobalSection(ProjectConfigurationPlatforms) = postSolution
		{6A8CEA7E-F471-4FF1-960D-FEF08880BF2A}.Debug|Any CPU.ActiveCfg = Debug|Any CPU
		{6A8CEA7E-F471-4FF1-960D-FEF08880BF2A}.Debug|Any CPU.Build.0 = Debug|Any CPU
		{6A8CEA7E-F471-4FF1-960D-FEF08880BF2A}.Release|Any CPU.ActiveCfg = Release|Any CPU
		{6A8CEA7E-F471-4FF1-960D-FEF08880BF2A}.Release|Any CPU.Build.0 = Release|Any CPU
	EndGlobalSection
	GlobalSection(SolutionProperties) = preSolution
		HideSolutionNode = FALSE
	EndGlobalSection
	GlobalSection(ExtensibilityGlobals) = postSolution
		SolutionGuid = {2E70A270-E305-4359-BADC-2B1094CB39B3}
	EndGlobalSection
EndGlobal
